
Microsoft Visual Studio Solution File, Format Version 12.00
# Visual Studio Version 17
VisualStudioVersion = 17.4.33213.308
MinimumVisualStudioVersion = 10.0.40219.1
Project("{9A19103F-16F7-4668-BE54-9A1E7A4F7556}") = "TestTask.MelnikovaInna.upSWOT", "TestTask.MelnikovaInna.upSWOT\TestTask.MelnikovaInna.upSWOT.csproj", "{1F7C22E7-8F79-4FDD-BF00-0F77A2550E14}"
EndProject
Project("{9A19103F-16F7-4668-BE54-9A1E7A4F7556}") = "RickAndMortyLib", "RickAndMortyLib\RickAndMortyLib.csproj", "{06D354BB-1549-4167-9BC0-181109C68812}"
EndProject
Project("{FAE04EC0-301F-11D3-BF4B-00C04F79EFBC}") = "RickAndMortyTests", "RickAndMortyTests\RickAndMortyTests.csproj", "{65ED4435-5C00-4C45-9BF3-F68427580B20}"
EndProject
Global
	GlobalSection(SolutionConfigurationPlatforms) = preSolution
		Debug|Any CPU = Debug|Any CPU
		Release|Any CPU = Release|Any CPU
	EndGlobalSection
	GlobalSection(ProjectConfigurationPlatforms) = postSolution
		{1F7C22E7-8F79-4FDD-BF00-0F77A2550E14}.Debug|Any CPU.ActiveCfg = Debug|Any CPU
		{1F7C22E7-8F79-4FDD-BF00-0F77A2550E14}.Debug|Any CPU.Build.0 = Debug|Any CPU
		{1F7C22E7-8F79-4FDD-BF00-0F77A2550E14}.Release|Any CPU.ActiveCfg = Release|Any CPU
		{1F7C22E7-8F79-4FDD-BF00-0F77A2550E14}.Release|Any CPU.Build.0 = Release|Any CPU
		{06D354BB-1549-4167-9BC0-181109C68812}.Debug|Any CPU.ActiveCfg = Debug|Any CPU
		{06D354BB-1549-4167-9BC0-181109C68812}.Debug|Any CPU.Build.0 = Debug|Any CPU
		{06D354BB-1549-4167-9BC0-181109C68812}.Release|Any CPU.ActiveCfg = Release|Any CPU
		{06D354BB-1549-4167-9BC0-181109C68812}.Release|Any CPU.Build.0 = Release|Any CPU
		{65ED4435-5C00-4C45-9BF3-F68427580B20}.Debug|Any CPU.ActiveCfg = Debug|Any CPU
		{65ED4435-5C00-4C45-9BF3-F68427580B20}.Debug|Any CPU.Build.0 = Debug|Any CPU
		{65ED4435-5C00-4C45-9BF3-F68427580B20}.Release|Any CPU.ActiveCfg = Release|Any CPU
		{65ED4435-5C00-4C45-9BF3-F68427580B20}.Release|Any CPU.Build.0 = Release|Any CPU
	EndGlobalSection
	GlobalSection(SolutionProperties) = preSolution
		HideSolutionNode = FALSE
	EndGlobalSection
	GlobalSection(ExtensibilityGlobals) = postSolution
		SolutionGuid = {0E47E1A1-2BDE-4808-A98A-3451A860DD55}
	EndGlobalSection
EndGlobal
